
Microsoft Visual Studio Solution File, Format Version 12.00
# Visual Studio Version 17
VisualStudioVersion = 17.2.32602.215
MinimumVisualStudioVersion = 10.0.40219.1
Project("{FAE04EC0-301F-11D3-BF4B-00C04F79EFBC}") = "HMSRedux", "HMSRedux.csproj", "{A58602F0-99CF-481E-B179-A68C6FD6E86A}"
EndProject
Global
	GlobalSection(SolutionConfigurationPlatforms) = preSolution
		Debug|Any CPU = Debug|Any CPU
		Release|Any CPU = Release|Any CPU
	EndGlobalSection
	GlobalSection(ProjectConfigurationPlatforms) = postSolution
		{A58602F0-99CF-481E-B179-A68C6FD6E86A}.Debug|Any CPU.ActiveCfg = Debug|Any CPU
		{A58602F0-99CF-481E-B179-A68C6FD6E86A}.Debug|Any CPU.Build.0 = Debug|Any CPU
		{A58602F0-99CF-481E-B179-A68C6FD6E86A}.Release|Any CPU.ActiveCfg = Release|Any CPU
		{A58602F0-99CF-481E-B179-A68C6FD6E86A}.Release|Any CPU.Build.0 = Release|Any CPU
	EndGlobalSection
	GlobalSection(SolutionProperties) = preSolution
		HideSolutionNode = FALSE
	EndGlobalSection
	GlobalSection(ExtensibilityGlobals) = postSolution
		SolutionGuid = {86BC35E6-B89A-414F-8C9C-C3D03B93C0D0}
	EndGlobalSection
EndGlobal
